// !$*UTF8*$!
{
	archiveVersion = 1;
	classes = {
	};
	objectVersion = 50;
	objects = {

/* Begin PBXBuildFile section */
		061CF8B125D8DFD3001BACCB /* AppDelegate.swift in Sources */ = {isa = PBXBuildFile; fileRef = 061CF8B025D8DFD3001BACCB /* AppDelegate.swift */; };
		061CF8B325D8DFD3001BACCB /* SceneDelegate.swift in Sources */ = {isa = PBXBuildFile; fileRef = 061CF8B225D8DFD3001BACCB /* SceneDelegate.swift */; };
		061CF8B525D8DFD3001BACCB /* ViewController.swift in Sources */ = {isa = PBXBuildFile; fileRef = 061CF8B425D8DFD3001BACCB /* ViewController.swift */; };
		061CF8B825D8DFD3001BACCB /* Main.storyboard in Resources */ = {isa = PBXBuildFile; fileRef = 061CF8B625D8DFD3001BACCB /* Main.storyboard */; };
		061CF8BA25D8DFD4001BACCB /* Assets.xcassets in Resources */ = {isa = PBXBuildFile; fileRef = 061CF8B925D8DFD4001BACCB /* Assets.xcassets */; };
		061CF8BD25D8DFD4001BACCB /* LaunchScreen.storyboard in Resources */ = {isa = PBXBuildFile; fileRef = 061CF8BB25D8DFD4001BACCB /* LaunchScreen.storyboard */; };
/* End PBXBuildFile section */

/* Begin PBXFileReference section */
		061CF8AD25D8DFD3001BACCB /* t2102141334ecom.app */ = {isa = PBXFileReference; explicitFileType = wrapper.application; includeInIndex = 0; path = t2102141334ecom.app; sourceTree = BUILT_PRODUCTS_DIR; };
		061CF8B025D8DFD3001BACCB /* AppDelegate.swift */ = {isa = PBXFileReference; lastKnownFileType = sourcecode.swift; path = AppDelegate.swift; sourceTree = "<group>"; };
		061CF8B225D8DFD3001BACCB /* SceneDelegate.swift */ = {isa = PBXFileReference; lastKnownFileType = sourcecode.swift; path = SceneDelegate.swift; sourceTree = "<group>"; };
		061CF8B425D8DFD3001BACCB /* ViewController.swift */ = {isa = PBXFileReference; lastKnownFileType = sourcecode.swift; path = ViewController.swift; sourceTree = "<group>"; };
		061CF8B725D8DFD3001BACCB /* Base */ = {isa = PBXFileReference; lastKnownFileType = file.storyboard; name = Base; path = Base.lproj/Main.storyboard; sourceTree = "<group>"; };
		061CF8B925D8DFD4001BACCB /* Assets.xcassets */ = {isa = PBXFileReference; lastKnownFileType = folder.assetcatalog; path = Assets.xcassets; sourceTree = "<group>"; };
		061CF8BC25D8DFD4001BACCB /* Base */ = {isa = PBXFileReference; lastKnownFileType = file.storyboard; name = Base; path = Base.lproj/LaunchScreen.storyboard; sourceTree = "<group>"; };
		061CF8BE25D8DFD4001BACCB /* Info.plist */ = {isa = PBXFileReference; lastKnownFileType = text.plist.xml; path = Info.plist; sourceTree = "<group>"; };
/* End PBXFileReference section */

/* Begin PBXFrameworksBuildPhase section */
		061CF8AA25D8DFD3001BACCB /* Frameworks */ = {
			isa = PBXFrameworksBuildPhase;
			buildActionMask = 2147483647;
			files = (
			);
			runOnlyForDeploymentPostprocessing = 0;
		};
/* End PBXFrameworksBuildPhase section */

/* Begin PBXGroup section */
		061CF8A425D8DFD3001BACCB = {
			isa = PBXGroup;
			children = (
				061CF8AF25D8DFD3001BACCB /* t2102141334ecom */,
				061CF8AE25D8DFD3001BACCB /* Products */,
			);
			sourceTree = "<group>";
		};
		061CF8AE25D8DFD3001BACCB /* Products */ = {
			isa = PBXGroup;
			children = (
				061CF8AD25D8DFD3001BACCB /* t2102141334ecom.app */,
			);
			name = Products;
			sourceTree = "<group>";
		};
		061CF8AF25D8DFD3001BACCB /* t2102141334ecom */ = {
			isa = PBXGroup;
			children = (
				061CF8B025D8DFD3001BACCB /* AppDelegate.swift */,
				061CF8B225D8DFD3001BACCB /* SceneDelegate.swift */,
				061CF8B425D8DFD3001BACCB /* ViewController.swift */,
				061CF8B625D8DFD3001BACCB /* Main.storyboard */,
				061CF8B925D8DFD4001BACCB /* Assets.xcassets */,
				061CF8BB25D8DFD4001BACCB /* LaunchScreen.storyboard */,
				061CF8BE25D8DFD4001BACCB /* Info.plist */,
			);
			path = t2102141334ecom;
			sourceTree = "<group>";
		};
/* End PBXGroup section */

/* Begin PBXNativeTarget section */
		061CF8AC25D8DFD3001BACCB /* t2102141334ecom */ = {
			isa = PBXNativeTarget;
			buildConfigurationList = 061CF8C125D8DFD4001BACCB /* Build configuration list for PBXNativeTarget "t2102141334ecom" */;
			buildPhases = (
				061CF8A925D8DFD3001BACCB /* Sources */,
				061CF8AA25D8DFD3001BACCB /* Frameworks */,
				061CF8AB25D8DFD3001BACCB /* Resources */,
			);
			buildRules = (
			);
			dependencies = (
			);
			name = t2102141334ecom;
			productName = t2102141334ecom;
			productReference = 061CF8AD25D8DFD3001BACCB /* t2102141334ecom.app */;
			productType = "com.apple.product-type.application";
		};
/* End PBXNativeTarget section */

/* Begin PBXProject section */
		061CF8A525D8DFD3001BACCB /* Project object */ = {
			isa = PBXProject;
			attributes = {
				LastSwiftUpdateCheck = 1240;
				LastUpgradeCheck = 1240;
				TargetAttributes = {
					061CF8AC25D8DFD3001BACCB = {
						CreatedOnToolsVersion = 12.4;
					};
				};
			};
			buildConfigurationList = 061CF8A825D8DFD3001BACCB /* Build configuration list for PBXProject "t2102141334ecom" */;
			compatibilityVersion = "Xcode 9.3";
			developmentRegion = en;
			hasScannedForEncodings = 0;
			knownRegions = (
				en,
				Base,
			);
			mainGroup = 061CF8A425D8DFD3001BACCB;
			productRefGroup = 061CF8AE25D8DFD3001BACCB /* Products */;
			projectDirPath = "";
			projectRoot = "";
			targets = (
				061CF8AC25D8DFD3001BACCB /* t2102141334ecom */,
			);
		};
/* End PBXProject section */

/* Begin PBXResourcesBuildPhase section */
		061CF8AB25D8DFD3001BACCB /* Resources */ = {
			isa = PBXResourcesBuildPhase;
			buildActionMask = 2147483647;
			files = (
				061CF8BD25D8DFD4001BACCB /* LaunchScreen.storyboard in Resources */,
				061CF8BA25D8DFD4001BACCB /* Assets.xcassets in Resources */,
				061CF8B825D8DFD3001BACCB /* Main.storyboard in Resources */,
			);
			runOnlyForDeploymentPostprocessing = 0;
		};
/* End PBXResourcesBuildPhase section */

/* Begin PBXSourcesBuildPhase section */
		061CF8A925D8DFD3001BACCB /* Sources */ = {
			isa = PBXSourcesBuildPhase;
			buildActionMask = 2147483647;
			files = (
				061CF8B525D8DFD3001BACCB /* ViewController.swift in Sources */,
				061CF8B125D8DFD3001BACCB /* AppDelegate.swift in Sources */,
				061CF8B325D8DFD3001BACCB /* SceneDelegate.swift in Sources */,
			);
			runOnlyForDeploymentPostprocessing = 0;
		};
/* End PBXSourcesBuildPhase section */

/* Begin PBXVariantGroup section */
		061CF8B625D8DFD3001BACCB /* Main.storyboard */ = {
			isa = PBXVariantGroup;
			children = (
				061CF8B725D8DFD3001BACCB /* Base */,
			);
			name = Main.storyboard;
			sourceTree = "<group>";
		};
		061CF8BB25D8DFD4001BACCB /* LaunchScreen.storyboard */ = {
			isa = PBXVariantGroup;
			children = (
				061CF8BC25D8DFD4001BACCB /* Base */,
			);
			name = LaunchScreen.storyboard;
			sourceTree = "<group>";
		};
/* End PBXVariantGroup section */

/* Begin XCBuildConfiguration section */
		061CF8BF25D8DFD4001BACCB /* Debug */ = {
			isa = XCBuildConfiguration;
			buildSettings = {
				ALWAYS_SEARCH_USER_PATHS = NO;
				CLANG_ANALYZER_NONNULL = YES;
				CLANG_ANALYZER_NUMBER_OBJECT_CONVERSION = YES_AGGRESSIVE;
				CLANG_CXX_LANGUAGE_STANDARD = "gnu++14";
				CLANG_CXX_LIBRARY = "libc++";
				CLANG_ENABLE_MODULES = YES;
				CLANG_ENABLE_OBJC_ARC = YES;
				CLANG_ENABLE_OBJC_WEAK = YES;
				CLANG_WARN_BLOCK_CAPTURE_AUTORELEASING = YES;
				CLANG_WARN_BOOL_CONVERSION = YES;
				CLANG_WARN_COMMA = YES;
				CLANG_WARN_CONSTANT_CONVERSION = YES;
				CLANG_WARN_DEPRECATED_OBJC_IMPLEMENTATIONS = YES;
				CLANG_WARN_DIRECT_OBJC_ISA_USAGE = YES_ERROR;
				CLANG_WARN_DOCUMENTATION_COMMENTS = YES;
				CLANG_WARN_EMPTY_BODY = YES;
				CLANG_WARN_ENUM_CONVERSION = YES;
				CLANG_WARN_INFINITE_RECURSION = YES;
				CLANG_WARN_INT_CONVERSION = YES;
				CLANG_WARN_NON_LITERAL_NULL_CONVERSION = YES;
				CLANG_WARN_OBJC_IMPLICIT_RETAIN_SELF = YES;
				CLANG_WARN_OBJC_LITERAL_CONVERSION = YES;
				CLANG_WARN_OBJC_ROOT_CLASS = YES_ERROR;
				CLANG_WARN_QUOTED_INCLUDE_IN_FRAMEWORK_HEADER = YES;
				CLANG_WARN_RANGE_LOOP_ANALYSIS = YES;
				CLANG_WARN_STRICT_PROTOTYPES = YES;
				CLANG_WARN_SUSPICIOUS_MOVE = YES;
				CLANG_WARN_UNGUARDED_AVAILABILITY = YES_AGGRESSIVE;
				CLANG_WARN_UNREACHABLE_CODE = YES;
				CLANG_WARN__DUPLICATE_METHOD_MATCH = YES;
				COPY_PHASE_STRIP = NO;
				DEBUG_INFORMATION_FORMAT = dwarf;
				ENABLE_STRICT_OBJC_MSGSEND = YES;
				ENABLE_TESTABILITY = YES;
				GCC_C_LANGUAGE_STANDARD = gnu11;
				GCC_DYNAMIC_NO_PIC = NO;
				GCC_NO_COMMON_BLOCKS = YES;
				GCC_OPTIMIZATION_LEVEL = 0;
				GCC_PREPROCESSOR_DEFINITIONS = (
					"DEBUG=1",
					"$(inherited)",
				);
				GCC_WARN_64_TO_32_BIT_CONVERSION = YES;
				GCC_WARN_ABOUT_RETURN_TYPE = YES_ERROR;
				GCC_WARN_UNDECLARED_SELECTOR = YES;
				GCC_WARN_UNINITIALIZED_AUTOS = YES_AGGRESSIVE;
				GCC_WARN_UNUSED_FUNCTION = YES;
				GCC_WARN_UNUSED_VARIABLE = YES;
				IPHONEOS_DEPLOYMENT_TARGET = 14.4;
				MTL_ENABLE_DEBUG_INFO = INCLUDE_SOURCE;
				MTL_FAST_MATH = YES;
				ONLY_ACTIVE_ARCH = YES;
				SDKROOT = iphoneos;
				SWIFT_ACTIVE_COMPILATION_CONDITIONS = DEBUG;
				SWIFT_OPTIMIZATION_LEVEL = "-Onone";
			};
			name = Debug;
		};
		061CF8C025D8DFD4001BACCB /* Release */ = {
			isa = XCBuildConfiguration;
			buildSettings = {
				ALWAYS_SEARCH_USER_PATHS = NO;
				CLANG_ANALYZER_NONNULL = YES;
				CLANG_ANALYZER_NUMBER_OBJECT_CONVERSION = YES_AGGRESSIVE;
				CLANG_CXX_LANGUAGE_STANDARD = "gnu++14";
				CLANG_CXX_LIBRARY = "libc++";
				CLANG_ENABLE_MODULES = YES;
				CLANG_ENABLE_OBJC_ARC = YES;
				CLANG_ENABLE_OBJC_WEAK = YES;
				CLANG_WARN_BLOCK_CAPTURE_AUTORELEASING = YES;
				CLANG_WARN_BOOL_CONVERSION = YES;
				CLANG_WARN_COMMA = YES;
				CLANG_WARN_CONSTANT_CONVERSION = YES;
				CLANG_WARN_DEPRECATED_OBJC_IMPLEMENTATIONS = YES;
				CLANG_WARN_DIRECT_OBJC_ISA_USAGE = YES_ERROR;
				CLANG_WARN_DOCUMENTATION_COMMENTS = YES;
				CLANG_WARN_EMPTY_BODY = YES;
				CLANG_WARN_ENUM_CONVERSION = YES;
				CLANG_WARN_INFINITE_RECURSION = YES;
				CLANG_WARN_INT_CONVERSION = YES;
				CLANG_WARN_NON_LITERAL_NULL_CONVERSION = YES;
				CLANG_WARN_OBJC_IMPLICIT_RETAIN_SELF = YES;
				CLANG_WARN_OBJC_LITERAL_CONVERSION = YES;
				CLANG_WARN_OBJC_ROOT_CLASS = YES_ERROR;
				CLANG_WARN_QUOTED_INCLUDE_IN_FRAMEWORK_HEADER = YES;
				CLANG_WARN_RANGE_LOOP_ANALYSIS = YES;
				CLANG_WARN_STRICT_PROTOTYPES = YES;
				CLANG_WARN_SUSPICIOUS_MOVE = YES;
				CLANG_WARN_UNGUARDED_AVAILABILITY = YES_AGGRESSIVE;
				CLANG_WARN_UNREACHABLE_CODE = YES;
				CLANG_WARN__DUPLICATE_METHOD_MATCH = YES;
				COPY_PHASE_STRIP = NO;
				DEBUG_INFORMATION_FORMAT = "dwarf-with-dsym";
				ENABLE_NS_ASSERTIONS = NO;
				ENABLE_STRICT_OBJC_MSGSEND = YES;
				GCC_C_LANGUAGE_STANDARD = gnu11;
				GCC_NO_COMMON_BLOCKS = YES;
				GCC_WARN_64_TO_32_BIT_CONVERSION = YES;
				GCC_WARN_ABOUT_RETURN_TYPE = YES_ERROR;
				GCC_WARN_UNDECLARED_SELECTOR = YES;
				GCC_WARN_UNINITIALIZED_AUTOS = YES_AGGRESSIVE;
				GCC_WARN_UNUSED_FUNCTION = YES;
				GCC_WARN_UNUSED_VARIABLE = YES;
				IPHONEOS_DEPLOYMENT_TARGET = 14.4;
				MTL_ENABLE_DEBUG_INFO = NO;
				MTL_FAST_MATH = YES;
				SDKROOT = iphoneos;
				SWIFT_COMPILATION_MODE = wholemodule;
				SWIFT_OPTIMIZATION_LEVEL = "-O";
				VALIDATE_PRODUCT = YES;
			};
			name = Release;
		};
		061CF8C225D8DFD4001BACCB /* Debug */ = {
			isa = XCBuildConfiguration;
			buildSettings = {
				ASSETCATALOG_COMPILER_APPICON_NAME = AppIcon;
				ASSETCATALOG_COMPILER_GLOBAL_ACCENT_COLOR_NAME = AccentColor;
				CODE_SIGN_STYLE = Automatic;
				INFOPLIST_FILE = t2102141334ecom/Info.plist;
				LD_RUNPATH_SEARCH_PATHS = (
					"$(inherited)",
					"@executable_path/Frameworks",
				);
				PRODUCT_BUNDLE_IDENTIFIER = com.illoc.t2102141334ecom;
				PRODUCT_NAME = "$(TARGET_NAME)";
				SWIFT_VERSION = 5.0;
				TARGETED_DEVICE_FAMILY = "1,2";
			};
			name = Debug;
		};
		061CF8C325D8DFD4001BACCB /* Release */ = {
			isa = XCBuildConfiguration;
			buildSettings = {
				ASSETCATALOG_COMPILER_APPICON_NAME = AppIcon;
				ASSETCATALOG_COMPILER_GLOBAL_ACCENT_COLOR_NAME = AccentColor;
				CODE_SIGN_STYLE = Automatic;
				INFOPLIST_FILE = t2102141334ecom/Info.plist;
				LD_RUNPATH_SEARCH_PATHS = (
					"$(inherited)",
					"@executable_path/Frameworks",
				);
				PRODUCT_BUNDLE_IDENTIFIER = com.illoc.t2102141334ecom;
				PRODUCT_NAME = "$(TARGET_NAME)";
				SWIFT_VERSION = 5.0;
				TARGETED_DEVICE_FAMILY = "1,2";
			};
			name = Release;
		};
/* End XCBuildConfiguration section */

/* Begin XCConfigurationList section */
		061CF8A825D8DFD3001BACCB /* Build configuration list for PBXProject "t2102141334ecom" */ = {
			isa = XCConfigurationList;
			buildConfigurations = (
				061CF8BF25D8DFD4001BACCB /* Debug */,
				061CF8C025D8DFD4001BACCB /* Release */,
			);
			defaultConfigurationIsVisible = 0;
			defaultConfigurationName = Release;
		};
		061CF8C125D8DFD4001BACCB /* Build configuration list for PBXNativeTarget "t2102141334ecom" */ = {
			isa = XCConfigurationList;
			buildConfigurations = (
				061CF8C225D8DFD4001BACCB /* Debug */,
				061CF8C325D8DFD4001BACCB /* Release */,
			);
			defaultConfigurationIsVisible = 0;
			defaultConfigurationName = Release;
		};
/* End XCConfigurationList section */
	};
	rootObject = 061CF8A525D8DFD3001BACCB /* Project object */;
}
